
Microsoft Visual Studio Solution File, Format Version 12.00
# Visual Studio Version 16
VisualStudioVersion = 16.0.32228.343
MinimumVisualStudioVersion = 10.0.40219.1
Project("{FAE04EC0-301F-11D3-BF4B-00C04F79EFBC}") = "SkoBingo", "SkoBingo.csproj", "{98516371-24B6-4EB6-A7ED-4173395ACE41}"
EndProject
Global
	GlobalSection(SolutionConfigurationPlatforms) = preSolution
		Debug|Any CPU = Debug|Any CPU
		Release|Any CPU = Release|Any CPU
	EndGlobalSection
	GlobalSection(ProjectConfigurationPlatforms) = postSolution
		{98516371-24B6-4EB6-A7ED-4173395ACE41}.Debug|Any CPU.ActiveCfg = Debug|Any CPU
		{98516371-24B6-4EB6-A7ED-4173395ACE41}.Debug|Any CPU.Build.0 = Debug|Any CPU
		{98516371-24B6-4EB6-A7ED-4173395ACE41}.Release|Any CPU.ActiveCfg = Release|Any CPU
		{98516371-24B6-4EB6-A7ED-4173395ACE41}.Release|Any CPU.Build.0 = Release|Any CPU
	EndGlobalSection
	GlobalSection(SolutionProperties) = preSolution
		HideSolutionNode = FALSE
	EndGlobalSection
	GlobalSection(ExtensibilityGlobals) = postSolution
		SolutionGuid = {D9C5C706-A22D-4527-BC0F-540842F8F97C}
	EndGlobalSection
EndGlobal
